
Microsoft Visual Studio Solution File, Format Version 12.00
# Visual Studio Version 17
VisualStudioVersion = 17.11.35312.102
MinimumVisualStudioVersion = 10.0.40219.1
Project("{FAE04EC0-301F-11D3-BF4B-00C04F79EFBC}") = "WebApiPerson", "WebApiPerson\WebApiPerson.csproj", "{DAE1D710-2E2E-47AB-8DE9-50CE79A5CB36}"
EndProject
Global
	GlobalSection(SolutionConfigurationPlatforms) = preSolution
		Debug|Any CPU = Debug|Any CPU
		Release|Any CPU = Release|Any CPU
	EndGlobalSection
	GlobalSection(ProjectConfigurationPlatforms) = postSolution
		{DAE1D710-2E2E-47AB-8DE9-50CE79A5CB36}.Debug|Any CPU.ActiveCfg = Debug|Any CPU
		{DAE1D710-2E2E-47AB-8DE9-50CE79A5CB36}.Debug|Any CPU.Build.0 = Debug|Any CPU
		{DAE1D710-2E2E-47AB-8DE9-50CE79A5CB36}.Release|Any CPU.ActiveCfg = Release|Any CPU
		{DAE1D710-2E2E-47AB-8DE9-50CE79A5CB36}.Release|Any CPU.Build.0 = Release|Any CPU
	EndGlobalSection
	GlobalSection(SolutionProperties) = preSolution
		HideSolutionNode = FALSE
	EndGlobalSection
	GlobalSection(ExtensibilityGlobals) = postSolution
		SolutionGuid = {77CFA4E9-DC2E-4696-875A-7B7FD568F729}
	EndGlobalSection
EndGlobal
